{
  "name": "lineupx",
  "lockfileVersion": 3,
  "requires": true,
  "packages": {
    "": {
      "dependencies": {
        "framer-motion": "^10.16.16"
      }
    },
    "node_modules/@emotion/is-prop-valid": {
      "version": "0.8.8",
      "resolved": "https://registry.npmjs.org/@emotion/is-prop-valid/-/is-prop-valid-0.8.8.tgz",
      "integrity": "sha512-u5WtneEAr5IDG2Wv65yhunPSMLIpuKsbuOktRojfrEiEvRyC85LgPMZI63cr7NUqT8ZIGdSVg8ZKGxIug4lXcA==",
      "optional": true,
      "dependencies": {
        "@emotion/memoize": "0.7.4"
      }
    },
    "node_modules/@emotion/memoize": {
      "version": "0.7.4",
      "resolved": "https://registry.npmjs.org/@emotion/memoize/-/memoize-0.7.4.tgz",
      "integrity": "sha512-Ja/Vfqe3HpuzRsG1oBtWTHk2PGZ7GR+2Vz5iYGelAw8dx32K0y7PjVuxK6z1nMpZOqAFsRUPCkK1YjJ56qJlgw==",
      "optional": true
    },
    "node_modules/framer-motion": {
      "version": "10.16.16",
      "resolved": "https://registry.npmjs.org/framer-motion/-/framer-motion-10.16.16.tgz",
      "integrity": "sha512-je6j91rd7NmUX7L1XHouwJ4v3R+SO4umso2LUcgOct3rHZ0PajZ80ETYZTajzEXEl9DlKyzjyt4AvGQ+lrebOw==",
      "dependencies": {
        "tslib": "^2.4.0"
      },
      "optionalDependencies": {
        "@emotion/is-prop-valid": "^0.8.2"
      },
      "peerDependencies": {
        "react": "^18.0.0",
        "react-dom": "^18.0.0"
      },
      "peerDependenciesMeta": {
        "react": {
          "optional": true
        },
        "react-dom": {
          "optional": true
        }
      }
    },
    "node_modules/tslib": {
      "version": "2.6.2",
      "resolved": "https://registry.npmjs.org/tslib/-/tslib-2.6.2.tgz",
      "integrity": "sha512-AEYxH93jGFPn/a2iVAwW87VuUIkR1FVUKB77NwMF7nBTDkDrrT/Hpt/IrCJ0QXhW27jTBDcf5ZY7w6RiqTMw2Q=="
    }
  }
}
