{
  "name": "lineupx",
  "lockfileVersion": 3,
  "requires": true,
  "packages": {
    "": {
      "dependencies": {
        "framer-motion": "^10.16.16",
        "reactstrap": "^9.2.1"
      }
    },
    "node_modules/@babel/runtime": {
      "version": "7.23.6",
      "resolved": "https://registry.npmjs.org/@babel/runtime/-/runtime-7.23.6.tgz",
      "integrity": "sha512-zHd0eUrf5GZoOWVCXp6koAKQTfZV07eit6bGPmJgnZdnSAvvZee6zniW2XMF7Cmc4ISOOnPy3QaSiIJGJkVEDQ==",
      "dependencies": {
        "regenerator-runtime": "^0.14.0"
      },
      "engines": {
        "node": ">=6.9.0"
      }
    },
    "node_modules/@emotion/is-prop-valid": {
      "version": "0.8.8",
      "resolved": "https://registry.npmjs.org/@emotion/is-prop-valid/-/is-prop-valid-0.8.8.tgz",
      "integrity": "sha512-u5WtneEAr5IDG2Wv65yhunPSMLIpuKsbuOktRojfrEiEvRyC85LgPMZI63cr7NUqT8ZIGdSVg8ZKGxIug4lXcA==",
      "optional": true,
      "dependencies": {
        "@emotion/memoize": "0.7.4"
      }
    },
    "node_modules/@emotion/memoize": {
      "version": "0.7.4",
      "resolved": "https://registry.npmjs.org/@emotion/memoize/-/memoize-0.7.4.tgz",
      "integrity": "sha512-Ja/Vfqe3HpuzRsG1oBtWTHk2PGZ7GR+2Vz5iYGelAw8dx32K0y7PjVuxK6z1nMpZOqAFsRUPCkK1YjJ56qJlgw==",
      "optional": true
    },
    "node_modules/@popperjs/core": {
      "version": "2.11.8",
      "resolved": "https://registry.npmjs.org/@popperjs/core/-/core-2.11.8.tgz",
      "integrity": "sha512-P1st0aksCrn9sGZhp8GMYwBnQsbvAWsZAX44oXNNvLHGqAOcoVxmjZiohstwQ7SqKnbR47akdNi+uleWD8+g6A==",
      "funding": {
        "type": "opencollective",
        "url": "https://opencollective.com/popperjs"
      }
    },
    "node_modules/classnames": {
      "version": "2.4.0",
      "resolved": "https://registry.npmjs.org/classnames/-/classnames-2.4.0.tgz",
      "integrity": "sha512-lWxiIlphgAhTLN657pwU/ofFxsUTOWc2CRIFeoV5st0MGRJHStUnWIUJgDHxjUO/F0mXzGufXIM4Lfu/8h+MpA=="
    },
    "node_modules/csstype": {
      "version": "3.1.3",
      "resolved": "https://registry.npmjs.org/csstype/-/csstype-3.1.3.tgz",
      "integrity": "sha512-M1uQkMl8rQK/szD0LNhtqxIPLpimGm8sOBwU7lLnCpSbTyY3yeU1Vc7l4KT5zT4s/yOxHH5O7tIuuLOCnLADRw=="
    },
    "node_modules/dom-helpers": {
      "version": "5.2.1",
      "resolved": "https://registry.npmjs.org/dom-helpers/-/dom-helpers-5.2.1.tgz",
      "integrity": "sha512-nRCa7CK3VTrM2NmGkIy4cbK7IZlgBE/PYMn55rrXefr5xXDP0LdtfPnblFDoVdcAfslJ7or6iqAUnx0CCGIWQA==",
      "dependencies": {
        "@babel/runtime": "^7.8.7",
        "csstype": "^3.0.2"
      }
    },
    "node_modules/framer-motion": {
      "version": "10.16.16",
      "resolved": "https://registry.npmjs.org/framer-motion/-/framer-motion-10.16.16.tgz",
      "integrity": "sha512-je6j91rd7NmUX7L1XHouwJ4v3R+SO4umso2LUcgOct3rHZ0PajZ80ETYZTajzEXEl9DlKyzjyt4AvGQ+lrebOw==",
      "dependencies": {
        "tslib": "^2.4.0"
      },
      "optionalDependencies": {
        "@emotion/is-prop-valid": "^0.8.2"
      },
      "peerDependencies": {
        "react": "^18.0.0",
        "react-dom": "^18.0.0"
      },
      "peerDependenciesMeta": {
        "react": {
          "optional": true
        },
        "react-dom": {
          "optional": true
        }
      }
    },
    "node_modules/js-tokens": {
      "version": "4.0.0",
      "resolved": "https://registry.npmjs.org/js-tokens/-/js-tokens-4.0.0.tgz",
      "integrity": "sha512-RdJUflcE3cUzKiMqQgsCu06FPu9UdIJO0beYbPhHN4k6apgJtifcoCtT9bcxOpYBtpD2kCM6Sbzg4CausW/PKQ=="
    },
    "node_modules/loose-envify": {
      "version": "1.4.0",
      "resolved": "https://registry.npmjs.org/loose-envify/-/loose-envify-1.4.0.tgz",
      "integrity": "sha512-lyuxPGr/Wfhrlem2CL/UcnUc1zcqKAImBDzukY7Y5F/yQiNdko6+fRLevlw1HgMySw7f611UIY408EtxRSoK3Q==",
      "dependencies": {
        "js-tokens": "^3.0.0 || ^4.0.0"
      },
      "bin": {
        "loose-envify": "cli.js"
      }
    },
    "node_modules/object-assign": {
      "version": "4.1.1",
      "resolved": "https://registry.npmjs.org/object-assign/-/object-assign-4.1.1.tgz",
      "integrity": "sha512-rJgTQnkUnH1sFw8yT6VSU3zD3sWmu6sZhIseY8VX+GRu3P6F7Fu+JNDoXfklElbLJSnc3FUQHVe4cU5hj+BcUg==",
      "engines": {
        "node": ">=0.10.0"
      }
    },
    "node_modules/prop-types": {
      "version": "15.8.1",
      "resolved": "https://registry.npmjs.org/prop-types/-/prop-types-15.8.1.tgz",
      "integrity": "sha512-oj87CgZICdulUohogVAR7AjlC0327U4el4L6eAvOqCeudMDVU0NThNaV+b9Df4dXgSP1gXMTnPdhfe/2qDH5cg==",
      "dependencies": {
        "loose-envify": "^1.4.0",
        "object-assign": "^4.1.1",
        "react-is": "^16.13.1"
      }
    },
    "node_modules/react": {
      "version": "18.2.0",
      "resolved": "https://registry.npmjs.org/react/-/react-18.2.0.tgz",
      "integrity": "sha512-/3IjMdb2L9QbBdWiW5e3P2/npwMBaU9mHCSCUzNln0ZCYbcfTsGbTJrU/kGemdH2IWmB2ioZ+zkxtmq6g09fGQ==",
      "peer": true,
      "dependencies": {
        "loose-envify": "^1.1.0"
      },
      "engines": {
        "node": ">=0.10.0"
      }
    },
    "node_modules/react-dom": {
      "version": "18.2.0",
      "resolved": "https://registry.npmjs.org/react-dom/-/react-dom-18.2.0.tgz",
      "integrity": "sha512-6IMTriUmvsjHUjNtEDudZfuDQUoWXVxKHhlEGSk81n4YFS+r/Kl99wXiwlVXtPBtJenozv2P+hxDsw9eA7Xo6g==",
      "peer": true,
      "dependencies": {
        "loose-envify": "^1.1.0",
        "scheduler": "^0.23.0"
      },
      "peerDependencies": {
        "react": "^18.2.0"
      }
    },
    "node_modules/react-fast-compare": {
      "version": "3.2.2",
      "resolved": "https://registry.npmjs.org/react-fast-compare/-/react-fast-compare-3.2.2.tgz",
      "integrity": "sha512-nsO+KSNgo1SbJqJEYRE9ERzo7YtYbou/OqjSQKxV7jcKox7+usiUVZOAC+XnDOABXggQTno0Y1CpVnuWEc1boQ=="
    },
    "node_modules/react-is": {
      "version": "16.13.1",
      "resolved": "https://registry.npmjs.org/react-is/-/react-is-16.13.1.tgz",
      "integrity": "sha512-24e6ynE2H+OKt4kqsOvNd8kBpV65zoxbA4BVsEOB3ARVWQki/DHzaUoC5KuON/BiccDaCCTZBuOcfZs70kR8bQ=="
    },
    "node_modules/react-popper": {
      "version": "2.3.0",
      "resolved": "https://registry.npmjs.org/react-popper/-/react-popper-2.3.0.tgz",
      "integrity": "sha512-e1hj8lL3uM+sgSR4Lxzn5h1GxBlpa4CQz0XLF8kx4MDrDRWY0Ena4c97PUeSX9i5W3UAfDP0z0FXCTQkoXUl3Q==",
      "dependencies": {
        "react-fast-compare": "^3.0.1",
        "warning": "^4.0.2"
      },
      "peerDependencies": {
        "@popperjs/core": "^2.0.0",
        "react": "^16.8.0 || ^17 || ^18",
        "react-dom": "^16.8.0 || ^17 || ^18"
      }
    },
    "node_modules/react-transition-group": {
      "version": "4.4.5",
      "resolved": "https://registry.npmjs.org/react-transition-group/-/react-transition-group-4.4.5.tgz",
      "integrity": "sha512-pZcd1MCJoiKiBR2NRxeCRg13uCXbydPnmB4EOeRrY7480qNWO8IIgQG6zlDkm6uRMsURXPuKq0GWtiM59a5Q6g==",
      "dependencies": {
        "@babel/runtime": "^7.5.5",
        "dom-helpers": "^5.0.1",
        "loose-envify": "^1.4.0",
        "prop-types": "^15.6.2"
      },
      "peerDependencies": {
        "react": ">=16.6.0",
        "react-dom": ">=16.6.0"
      }
    },
    "node_modules/reactstrap": {
      "version": "9.2.1",
      "resolved": "https://registry.npmjs.org/reactstrap/-/reactstrap-9.2.1.tgz",
      "integrity": "sha512-3d+jo7EEw1GxobrSeTjs+Vq1SNrMnRTcwKp3/t1ufrceTLFHS6LpAck4eLKlzvgQgTpSJpLeJtVQKSqkxbHTiQ==",
      "dependencies": {
        "@babel/runtime": "^7.12.5",
        "@popperjs/core": "^2.6.0",
        "classnames": "^2.2.3",
        "prop-types": "^15.5.8",
        "react-popper": "^2.2.4",
        "react-transition-group": "^4.4.2"
      },
      "peerDependencies": {
        "react": ">=16.8.0",
        "react-dom": ">=16.8.0"
      }
    },
    "node_modules/regenerator-runtime": {
      "version": "0.14.1",
      "resolved": "https://registry.npmjs.org/regenerator-runtime/-/regenerator-runtime-0.14.1.tgz",
      "integrity": "sha512-dYnhHh0nJoMfnkZs6GmmhFknAGRrLznOu5nc9ML+EJxGvrx6H7teuevqVqCuPcPK//3eDrrjQhehXVx9cnkGdw=="
    },
    "node_modules/scheduler": {
      "version": "0.23.0",
      "resolved": "https://registry.npmjs.org/scheduler/-/scheduler-0.23.0.tgz",
      "integrity": "sha512-CtuThmgHNg7zIZWAXi3AsyIzA3n4xx7aNyjwC2VJldO2LMVDhFK+63xGqq6CsJH4rTAt6/M+N4GhZiDYPx9eUw==",
      "peer": true,
      "dependencies": {
        "loose-envify": "^1.1.0"
      }
    },
    "node_modules/tslib": {
      "version": "2.6.2",
      "resolved": "https://registry.npmjs.org/tslib/-/tslib-2.6.2.tgz",
      "integrity": "sha512-AEYxH93jGFPn/a2iVAwW87VuUIkR1FVUKB77NwMF7nBTDkDrrT/Hpt/IrCJ0QXhW27jTBDcf5ZY7w6RiqTMw2Q=="
    },
    "node_modules/warning": {
      "version": "4.0.3",
      "resolved": "https://registry.npmjs.org/warning/-/warning-4.0.3.tgz",
      "integrity": "sha512-rpJyN222KWIvHJ/F53XSZv0Zl/accqHR8et1kpaMTD/fLCRxtV8iX8czMzY7sVZupTI3zcUTg8eycS2kNF9l6w==",
      "dependencies": {
        "loose-envify": "^1.0.0"
      }
    }
  }
}
